// !$*UTF8*$!
{
	archiveVersion = 1;
	classes = {
	};
	objectVersion = 48;
	objects = {

/* Begin PBXBuildFile section */
		3AF4196C2173235F008E9C2A /* HyAppDelegate.m in Sources */ = {isa = PBXBuildFile; fileRef = 3AF4196B2173235F008E9C2A /* HyAppDelegate.m */; };
		3AF4196F2173235F008E9C2A /* HyMDDocument.m in Sources */ = {isa = PBXBuildFile; fileRef = 3AF4196E2173235F008E9C2A /* HyMDDocument.m */; };
		3AF419722173235F008E9C2A /* HyMDDocument.xib in Resources */ = {isa = PBXBuildFile; fileRef = 3AF419702173235F008E9C2A /* HyMDDocument.xib */; };
		3AF419742173235F008E9C2A /* Assets.xcassets in Resources */ = {isa = PBXBuildFile; fileRef = 3AF419732173235F008E9C2A /* Assets.xcassets */; };
		3AF419772173235F008E9C2A /* MainMenu.xib in Resources */ = {isa = PBXBuildFile; fileRef = 3AF419752173235F008E9C2A /* MainMenu.xib */; };
		3AF4197A2173235F008E9C2A /* main.m in Sources */ = {isa = PBXBuildFile; fileRef = 3AF419792173235F008E9C2A /* main.m */; };
		3AF419862173264E008E9C2A /* HyDocumentController.m in Sources */ = {isa = PBXBuildFile; fileRef = 3AF419852173264E008E9C2A /* HyDocumentController.m */; };
		3AF4198921732746008E9C2A /* HyUtilities.m in Sources */ = {isa = PBXBuildFile; fileRef = 3AF4198821732746008E9C2A /* HyUtilities.m */; };
		3AF4199421732BDB008E9C2A /* HyPreferencesWindowController.m in Sources */ = {isa = PBXBuildFile; fileRef = 3AF4199221732BDB008E9C2A /* HyPreferencesWindowController.m */; };
		3AF4199621732E6B008E9C2A /* HyPreferences.xib in Resources */ = {isa = PBXBuildFile; fileRef = 3AF4199821732E6B008E9C2A /* HyPreferences.xib */; };
		3AF4199B2173A106008E9C2A /* HyConfigurationManager.m in Sources */ = {isa = PBXBuildFile; fileRef = 3AF4199A2173A106008E9C2A /* HyConfigurationManager.m */; };
		3AF4199F2173A579008E9C2A /* Localizable.strings in Resources */ = {isa = PBXBuildFile; fileRef = 3AF419A12173A579008E9C2A /* Localizable.strings */; };
		3AF419A52173B9BA008E9C2A /* HyTableView.m in Sources */ = {isa = PBXBuildFile; fileRef = 3AF419A42173B9BA008E9C2A /* HyTableView.m */; };
		3AF419A72173E248008E9C2A /* HyDocumentCreator.xib in Resources */ = {isa = PBXBuildFile; fileRef = 3AF419A62173E248008E9C2A /* HyDocumentCreator.xib */; };
		3AF419AA2173E811008E9C2A /* HyDocumentCreatorWindowController.m in Sources */ = {isa = PBXBuildFile; fileRef = 3AF419A92173E811008E9C2A /* HyDocumentCreatorWindowController.m */; };
		3AF419B2217430D5008E9C2A /* HyPostsCollectionsManager.m in Sources */ = {isa = PBXBuildFile; fileRef = 3AF419B1217430D5008E9C2A /* HyPostsCollectionsManager.m */; };
		3AF419B521743309008E9C2A /* HyPostsCollection.m in Sources */ = {isa = PBXBuildFile; fileRef = 3AF419B421743309008E9C2A /* HyPostsCollection.m */; };
/* End PBXBuildFile section */

/* Begin PBXFileReference section */
		3AF419672173235F008E9C2A /* Hyde.app */ = {isa = PBXFileReference; explicitFileType = wrapper.application; includeInIndex = 0; path = Hyde.app; sourceTree = BUILT_PRODUCTS_DIR; };
		3AF4196A2173235F008E9C2A /* HyAppDelegate.h */ = {isa = PBXFileReference; lastKnownFileType = sourcecode.c.h; path = HyAppDelegate.h; sourceTree = "<group>"; };
		3AF4196B2173235F008E9C2A /* HyAppDelegate.m */ = {isa = PBXFileReference; lastKnownFileType = sourcecode.c.objc; path = HyAppDelegate.m; sourceTree = "<group>"; };
		3AF4196D2173235F008E9C2A /* HyMDDocument.h */ = {isa = PBXFileReference; lastKnownFileType = sourcecode.c.h; path = HyMDDocument.h; sourceTree = "<group>"; };
		3AF4196E2173235F008E9C2A /* HyMDDocument.m */ = {isa = PBXFileReference; lastKnownFileType = sourcecode.c.objc; path = HyMDDocument.m; sourceTree = "<group>"; };
		3AF419712173235F008E9C2A /* Base */ = {isa = PBXFileReference; lastKnownFileType = file.xib; name = Base; path = Base.lproj/HyMDDocument.xib; sourceTree = "<group>"; };
		3AF419732173235F008E9C2A /* Assets.xcassets */ = {isa = PBXFileReference; lastKnownFileType = folder.assetcatalog; path = Assets.xcassets; sourceTree = "<group>"; };
		3AF419762173235F008E9C2A /* Base */ = {isa = PBXFileReference; lastKnownFileType = file.xib; name = Base; path = Base.lproj/MainMenu.xib; sourceTree = "<group>"; };
		3AF419782173235F008E9C2A /* Info.plist */ = {isa = PBXFileReference; lastKnownFileType = text.plist.xml; path = Info.plist; sourceTree = "<group>"; };
		3AF419792173235F008E9C2A /* main.m */ = {isa = PBXFileReference; lastKnownFileType = sourcecode.c.objc; path = main.m; sourceTree = "<group>"; };
		3AF4197B2173235F008E9C2A /* Hyde.entitlements */ = {isa = PBXFileReference; lastKnownFileType = text.plist.entitlements; path = Hyde.entitlements; sourceTree = "<group>"; };
		3AF419842173264E008E9C2A /* HyDocumentController.h */ = {isa = PBXFileReference; lastKnownFileType = sourcecode.c.h; path = HyDocumentController.h; sourceTree = "<group>"; };
		3AF419852173264E008E9C2A /* HyDocumentController.m */ = {isa = PBXFileReference; lastKnownFileType = sourcecode.c.objc; path = HyDocumentController.m; sourceTree = "<group>"; };
		3AF4198721732746008E9C2A /* HyUtilities.h */ = {isa = PBXFileReference; lastKnownFileType = sourcecode.c.h; path = HyUtilities.h; sourceTree = "<group>"; };
		3AF4198821732746008E9C2A /* HyUtilities.m */ = {isa = PBXFileReference; lastKnownFileType = sourcecode.c.objc; path = HyUtilities.m; sourceTree = "<group>"; };
		3AF4199121732BDB008E9C2A /* HyPreferencesWindowController.h */ = {isa = PBXFileReference; lastKnownFileType = sourcecode.c.h; path = HyPreferencesWindowController.h; sourceTree = "<group>"; };
		3AF4199221732BDB008E9C2A /* HyPreferencesWindowController.m */ = {isa = PBXFileReference; lastKnownFileType = sourcecode.c.objc; path = HyPreferencesWindowController.m; sourceTree = "<group>"; };
		3AF4199721732E6B008E9C2A /* Base */ = {isa = PBXFileReference; lastKnownFileType = file.xib; name = Base; path = Base.lproj/HyPreferences.xib; sourceTree = "<group>"; };
		3AF419992173A106008E9C2A /* HyConfigurationManager.h */ = {isa = PBXFileReference; lastKnownFileType = sourcecode.c.h; path = HyConfigurationManager.h; sourceTree = "<group>"; };
		3AF4199A2173A106008E9C2A /* HyConfigurationManager.m */ = {isa = PBXFileReference; lastKnownFileType = sourcecode.c.objc; path = HyConfigurationManager.m; sourceTree = "<group>"; };
		3AF4199C2173A12E008E9C2A /* Hyde.pch */ = {isa = PBXFileReference; lastKnownFileType = sourcecode.c.h; path = Hyde.pch; sourceTree = "<group>"; };
		3AF419A02173A579008E9C2A /* en */ = {isa = PBXFileReference; lastKnownFileType = text.plist.strings; name = en; path = en.lproj/Localizable.strings; sourceTree = "<group>"; };
		3AF419A32173B9BA008E9C2A /* HyTableView.h */ = {isa = PBXFileReference; lastKnownFileType = sourcecode.c.h; path = HyTableView.h; sourceTree = "<group>"; };
		3AF419A42173B9BA008E9C2A /* HyTableView.m */ = {isa = PBXFileReference; lastKnownFileType = sourcecode.c.objc; path = HyTableView.m; sourceTree = "<group>"; };
		3AF419A62173E248008E9C2A /* HyDocumentCreator.xib */ = {isa = PBXFileReference; lastKnownFileType = file.xib; path = HyDocumentCreator.xib; sourceTree = "<group>"; };
		3AF419A82173E811008E9C2A /* HyDocumentCreatorWindowController.h */ = {isa = PBXFileReference; lastKnownFileType = sourcecode.c.h; path = HyDocumentCreatorWindowController.h; sourceTree = "<group>"; };
		3AF419A92173E811008E9C2A /* HyDocumentCreatorWindowController.m */ = {isa = PBXFileReference; lastKnownFileType = sourcecode.c.objc; path = HyDocumentCreatorWindowController.m; sourceTree = "<group>"; };
		3AF419B0217430D5008E9C2A /* HyPostsCollectionsManager.h */ = {isa = PBXFileReference; lastKnownFileType = sourcecode.c.h; path = HyPostsCollectionsManager.h; sourceTree = "<group>"; };
		3AF419B1217430D5008E9C2A /* HyPostsCollectionsManager.m */ = {isa = PBXFileReference; lastKnownFileType = sourcecode.c.objc; path = HyPostsCollectionsManager.m; sourceTree = "<group>"; };
		3AF419B321743309008E9C2A /* HyPostsCollection.h */ = {isa = PBXFileReference; lastKnownFileType = sourcecode.c.h; path = HyPostsCollection.h; sourceTree = "<group>"; };
		3AF419B421743309008E9C2A /* HyPostsCollection.m */ = {isa = PBXFileReference; lastKnownFileType = sourcecode.c.objc; path = HyPostsCollection.m; sourceTree = "<group>"; };
/* End PBXFileReference section */

/* Begin PBXFrameworksBuildPhase section */
		3AF419642173235F008E9C2A /* Frameworks */ = {
			isa = PBXFrameworksBuildPhase;
			buildActionMask = 2147483647;
			files = (
			);
			runOnlyForDeploymentPostprocessing = 0;
		};
/* End PBXFrameworksBuildPhase section */

/* Begin PBXGroup section */
		3AF4195E2173235F008E9C2A = {
			isa = PBXGroup;
			children = (
				3AF419692173235F008E9C2A /* Hyde */,
				3AF419682173235F008E9C2A /* Products */,
			);
			sourceTree = "<group>";
		};
		3AF419682173235F008E9C2A /* Products */ = {
			isa = PBXGroup;
			children = (
				3AF419672173235F008E9C2A /* Hyde.app */,
			);
			name = Products;
			sourceTree = "<group>";
		};
		3AF419692173235F008E9C2A /* Hyde */ = {
			isa = PBXGroup;
			children = (
				3AF4199C2173A12E008E9C2A /* Hyde.pch */,
				3AF4198721732746008E9C2A /* HyUtilities.h */,
				3AF4198821732746008E9C2A /* HyUtilities.m */,
				3AF419B0217430D5008E9C2A /* HyPostsCollectionsManager.h */,
				3AF419B1217430D5008E9C2A /* HyPostsCollectionsManager.m */,
				3AF419B321743309008E9C2A /* HyPostsCollection.h */,
				3AF419B421743309008E9C2A /* HyPostsCollection.m */,
				3AF419992173A106008E9C2A /* HyConfigurationManager.h */,
				3AF4199A2173A106008E9C2A /* HyConfigurationManager.m */,
				3AF419A22173B99B008E9C2A /* Misc App Components & Stuff */,
				3AF4198A217328DB008E9C2A /* Document Stuff */,
				3AF4198B217328FB008E9C2A /* Preferences UI */,
				3AF419732173235F008E9C2A /* Assets.xcassets */,
				3AF419752173235F008E9C2A /* MainMenu.xib */,
				3AF419782173235F008E9C2A /* Info.plist */,
				3AF419792173235F008E9C2A /* main.m */,
				3AF4197B2173235F008E9C2A /* Hyde.entitlements */,
				3AF419A12173A579008E9C2A /* Localizable.strings */,
			);
			path = Hyde;
			sourceTree = "<group>";
		};
		3AF4198A217328DB008E9C2A /* Document Stuff */ = {
			isa = PBXGroup;
			children = (
				3AF419842173264E008E9C2A /* HyDocumentController.h */,
				3AF419852173264E008E9C2A /* HyDocumentController.m */,
				3AF4196D2173235F008E9C2A /* HyMDDocument.h */,
				3AF4196E2173235F008E9C2A /* HyMDDocument.m */,
				3AF419702173235F008E9C2A /* HyMDDocument.xib */,
				3AF419A62173E248008E9C2A /* HyDocumentCreator.xib */,
				3AF419A82173E811008E9C2A /* HyDocumentCreatorWindowController.h */,
				3AF419A92173E811008E9C2A /* HyDocumentCreatorWindowController.m */,
			);
			path = "Document Stuff";
			sourceTree = "<group>";
		};
		3AF4198B217328FB008E9C2A /* Preferences UI */ = {
			isa = PBXGroup;
			children = (
				3AF4199121732BDB008E9C2A /* HyPreferencesWindowController.h */,
				3AF4199221732BDB008E9C2A /* HyPreferencesWindowController.m */,
				3AF4199821732E6B008E9C2A /* HyPreferences.xib */,
			);
			path = "Preferences UI";
			sourceTree = "<group>";
		};
		3AF419A22173B99B008E9C2A /* Misc App Components & Stuff */ = {
			isa = PBXGroup;
			children = (
				3AF4196A2173235F008E9C2A /* HyAppDelegate.h */,
				3AF4196B2173235F008E9C2A /* HyAppDelegate.m */,
				3AF419A32173B9BA008E9C2A /* HyTableView.h */,
				3AF419A42173B9BA008E9C2A /* HyTableView.m */,
			);
			path = "Misc App Components & Stuff";
			sourceTree = "<group>";
		};
/* End PBXGroup section */

/* Begin PBXNativeTarget section */
		3AF419662173235F008E9C2A /* Hyde */ = {
			isa = PBXNativeTarget;
			buildConfigurationList = 3AF4197E2173235F008E9C2A /* Build configuration list for PBXNativeTarget "Hyde" */;
			buildPhases = (
				3AF419632173235F008E9C2A /* Sources */,
				3AF419642173235F008E9C2A /* Frameworks */,
				3AF419652173235F008E9C2A /* Resources */,
			);
			buildRules = (
			);
			dependencies = (
			);
			name = Hyde;
			productName = Hyde;
			productReference = 3AF419672173235F008E9C2A /* Hyde.app */;
			productType = "com.apple.product-type.application";
		};
/* End PBXNativeTarget section */

/* Begin PBXProject section */
		3AF4195F2173235F008E9C2A /* Project object */ = {
			isa = PBXProject;
			attributes = {
				LastUpgradeCheck = 0920;
				ORGANIZATIONNAME = "Bill Bumgarner";
				TargetAttributes = {
					3AF419662173235F008E9C2A = {
						CreatedOnToolsVersion = 9.2;
						ProvisioningStyle = Automatic;
						SystemCapabilities = {
							com.apple.Sandbox = {
								enabled = 0;
							};
						};
					};
				};
			};
			buildConfigurationList = 3AF419622173235F008E9C2A /* Build configuration list for PBXProject "Hyde" */;
			compatibilityVersion = "Xcode 8.0";
			developmentRegion = en;
			hasScannedForEncodings = 0;
			knownRegions = (
				en,
				Base,
			);
			mainGroup = 3AF4195E2173235F008E9C2A;
			productRefGroup = 3AF419682173235F008E9C2A /* Products */;
			projectDirPath = "";
			projectRoot = "";
			targets = (
				3AF419662173235F008E9C2A /* Hyde */,
			);
		};
/* End PBXProject section */

/* Begin PBXResourcesBuildPhase section */
		3AF419652173235F008E9C2A /* Resources */ = {
			isa = PBXResourcesBuildPhase;
			buildActionMask = 2147483647;
			files = (
				3AF4199F2173A579008E9C2A /* Localizable.strings in Resources */,
				3AF419742173235F008E9C2A /* Assets.xcassets in Resources */,
				3AF419722173235F008E9C2A /* HyMDDocument.xib in Resources */,
				3AF419772173235F008E9C2A /* MainMenu.xib in Resources */,
				3AF419A72173E248008E9C2A /* HyDocumentCreator.xib in Resources */,
				3AF4199621732E6B008E9C2A /* HyPreferences.xib in Resources */,
			);
			runOnlyForDeploymentPostprocessing = 0;
		};
/* End PBXResourcesBuildPhase section */

/* Begin PBXSourcesBuildPhase section */
		3AF419632173235F008E9C2A /* Sources */ = {
			isa = PBXSourcesBuildPhase;
			buildActionMask = 2147483647;
			files = (
				3AF419B2217430D5008E9C2A /* HyPostsCollectionsManager.m in Sources */,
				3AF4198921732746008E9C2A /* HyUtilities.m in Sources */,
				3AF419A52173B9BA008E9C2A /* HyTableView.m in Sources */,
				3AF4196F2173235F008E9C2A /* HyMDDocument.m in Sources */,
				3AF419B521743309008E9C2A /* HyPostsCollection.m in Sources */,
				3AF419862173264E008E9C2A /* HyDocumentController.m in Sources */,
				3AF419AA2173E811008E9C2A /* HyDocumentCreatorWindowController.m in Sources */,
				3AF4199B2173A106008E9C2A /* HyConfigurationManager.m in Sources */,
				3AF4197A2173235F008E9C2A /* main.m in Sources */,
				3AF4196C2173235F008E9C2A /* HyAppDelegate.m in Sources */,
				3AF4199421732BDB008E9C2A /* HyPreferencesWindowController.m in Sources */,
			);
			runOnlyForDeploymentPostprocessing = 0;
		};
/* End PBXSourcesBuildPhase section */

/* Begin PBXVariantGroup section */
		3AF419702173235F008E9C2A /* HyMDDocument.xib */ = {
			isa = PBXVariantGroup;
			children = (
				3AF419712173235F008E9C2A /* Base */,
			);
			name = HyMDDocument.xib;
			sourceTree = "<group>";
		};
		3AF419752173235F008E9C2A /* MainMenu.xib */ = {
			isa = PBXVariantGroup;
			children = (
				3AF419762173235F008E9C2A /* Base */,
			);
			name = MainMenu.xib;
			sourceTree = "<group>";
		};
		3AF4199821732E6B008E9C2A /* HyPreferences.xib */ = {
			isa = PBXVariantGroup;
			children = (
				3AF4199721732E6B008E9C2A /* Base */,
			);
			name = HyPreferences.xib;
			sourceTree = "<group>";
		};
		3AF419A12173A579008E9C2A /* Localizable.strings */ = {
			isa = PBXVariantGroup;
			children = (
				3AF419A02173A579008E9C2A /* en */,
			);
			name = Localizable.strings;
			sourceTree = "<group>";
		};
/* End PBXVariantGroup section */

/* Begin XCBuildConfiguration section */
		3AF4197C2173235F008E9C2A /* Debug */ = {
			isa = XCBuildConfiguration;
			buildSettings = {
				ALWAYS_SEARCH_USER_PATHS = NO;
				CLANG_ANALYZER_NONNULL = YES;
				CLANG_ANALYZER_NUMBER_OBJECT_CONVERSION = YES_AGGRESSIVE;
				CLANG_CXX_LANGUAGE_STANDARD = "gnu++14";
				CLANG_CXX_LIBRARY = "libc++";
				CLANG_ENABLE_MODULES = YES;
				CLANG_ENABLE_OBJC_ARC = YES;
				CLANG_WARN_BLOCK_CAPTURE_AUTORELEASING = YES;
				CLANG_WARN_BOOL_CONVERSION = YES;
				CLANG_WARN_COMMA = YES;
				CLANG_WARN_CONSTANT_CONVERSION = YES;
				CLANG_WARN_DIRECT_OBJC_ISA_USAGE = YES_ERROR;
				CLANG_WARN_DOCUMENTATION_COMMENTS = YES;
				CLANG_WARN_EMPTY_BODY = YES;
				CLANG_WARN_ENUM_CONVERSION = YES;
				CLANG_WARN_INFINITE_RECURSION = YES;
				CLANG_WARN_INT_CONVERSION = YES;
				CLANG_WARN_NON_LITERAL_NULL_CONVERSION = YES;
				CLANG_WARN_OBJC_LITERAL_CONVERSION = YES;
				CLANG_WARN_OBJC_ROOT_CLASS = YES_ERROR;
				CLANG_WARN_RANGE_LOOP_ANALYSIS = YES;
				CLANG_WARN_STRICT_PROTOTYPES = YES;
				CLANG_WARN_SUSPICIOUS_MOVE = YES;
				CLANG_WARN_UNGUARDED_AVAILABILITY = YES_AGGRESSIVE;
				CLANG_WARN_UNREACHABLE_CODE = YES;
				CLANG_WARN__DUPLICATE_METHOD_MATCH = YES;
				CODE_SIGN_IDENTITY = "-";
				COPY_PHASE_STRIP = NO;
				DEBUG_INFORMATION_FORMAT = dwarf;
				ENABLE_STRICT_OBJC_MSGSEND = YES;
				ENABLE_TESTABILITY = YES;
				GCC_C_LANGUAGE_STANDARD = gnu11;
				GCC_DYNAMIC_NO_PIC = NO;
				GCC_NO_COMMON_BLOCKS = YES;
				GCC_OPTIMIZATION_LEVEL = 0;
				GCC_PREPROCESSOR_DEFINITIONS = (
					"DEBUG=1",
					"$(inherited)",
				);
				GCC_WARN_64_TO_32_BIT_CONVERSION = YES;
				GCC_WARN_ABOUT_RETURN_TYPE = YES_ERROR;
				GCC_WARN_UNDECLARED_SELECTOR = YES;
				GCC_WARN_UNINITIALIZED_AUTOS = YES_AGGRESSIVE;
				GCC_WARN_UNUSED_FUNCTION = YES;
				GCC_WARN_UNUSED_VARIABLE = YES;
				MACOSX_DEPLOYMENT_TARGET = 10.13;
				MTL_ENABLE_DEBUG_INFO = YES;
				ONLY_ACTIVE_ARCH = YES;
				SDKROOT = macosx;
			};
			name = Debug;
		};
		3AF4197D2173235F008E9C2A /* Release */ = {
			isa = XCBuildConfiguration;
			buildSettings = {
				ALWAYS_SEARCH_USER_PATHS = NO;
				CLANG_ANALYZER_NONNULL = YES;
				CLANG_ANALYZER_NUMBER_OBJECT_CONVERSION = YES_AGGRESSIVE;
				CLANG_CXX_LANGUAGE_STANDARD = "gnu++14";
				CLANG_CXX_LIBRARY = "libc++";
				CLANG_ENABLE_MODULES = YES;
				CLANG_ENABLE_OBJC_ARC = YES;
				CLANG_WARN_BLOCK_CAPTURE_AUTORELEASING = YES;
				CLANG_WARN_BOOL_CONVERSION = YES;
				CLANG_WARN_COMMA = YES;
				CLANG_WARN_CONSTANT_CONVERSION = YES;
				CLANG_WARN_DIRECT_OBJC_ISA_USAGE = YES_ERROR;
				CLANG_WARN_DOCUMENTATION_COMMENTS = YES;
				CLANG_WARN_EMPTY_BODY = YES;
				CLANG_WARN_ENUM_CONVERSION = YES;
				CLANG_WARN_INFINITE_RECURSION = YES;
				CLANG_WARN_INT_CONVERSION = YES;
				CLANG_WARN_NON_LITERAL_NULL_CONVERSION = YES;
				CLANG_WARN_OBJC_LITERAL_CONVERSION = YES;
				CLANG_WARN_OBJC_ROOT_CLASS = YES_ERROR;
				CLANG_WARN_RANGE_LOOP_ANALYSIS = YES;
				CLANG_WARN_STRICT_PROTOTYPES = YES;
				CLANG_WARN_SUSPICIOUS_MOVE = YES;
				CLANG_WARN_UNGUARDED_AVAILABILITY = YES_AGGRESSIVE;
				CLANG_WARN_UNREACHABLE_CODE = YES;
				CLANG_WARN__DUPLICATE_METHOD_MATCH = YES;
				CODE_SIGN_IDENTITY = "-";
				COPY_PHASE_STRIP = NO;
				DEBUG_INFORMATION_FORMAT = "dwarf-with-dsym";
				ENABLE_NS_ASSERTIONS = NO;
				ENABLE_STRICT_OBJC_MSGSEND = YES;
				GCC_C_LANGUAGE_STANDARD = gnu11;
				GCC_NO_COMMON_BLOCKS = YES;
				GCC_WARN_64_TO_32_BIT_CONVERSION = YES;
				GCC_WARN_ABOUT_RETURN_TYPE = YES_ERROR;
				GCC_WARN_UNDECLARED_SELECTOR = YES;
				GCC_WARN_UNINITIALIZED_AUTOS = YES_AGGRESSIVE;
				GCC_WARN_UNUSED_FUNCTION = YES;
				GCC_WARN_UNUSED_VARIABLE = YES;
				MACOSX_DEPLOYMENT_TARGET = 10.13;
				MTL_ENABLE_DEBUG_INFO = NO;
				SDKROOT = macosx;
			};
			name = Release;
		};
		3AF4197F2173235F008E9C2A /* Debug */ = {
			isa = XCBuildConfiguration;
			buildSettings = {
				ASSETCATALOG_COMPILER_APPICON_NAME = AppIcon;
				CODE_SIGN_STYLE = Automatic;
				COMBINE_HIDPI_IMAGES = YES;
				GCC_PREFIX_HEADER = Hyde/Hyde.pch;
				INFOPLIST_FILE = Hyde/Info.plist;
				LD_RUNPATH_SEARCH_PATHS = "$(inherited) @executable_path/../Frameworks";
				PRODUCT_BUNDLE_IDENTIFIER = com.friday.Hyde;
				PRODUCT_NAME = "$(TARGET_NAME)";
			};
			name = Debug;
		};
		3AF419802173235F008E9C2A /* Release */ = {
			isa = XCBuildConfiguration;
			buildSettings = {
				ASSETCATALOG_COMPILER_APPICON_NAME = AppIcon;
				CODE_SIGN_STYLE = Automatic;
				COMBINE_HIDPI_IMAGES = YES;
				GCC_PREFIX_HEADER = Hyde/Hyde.pch;
				INFOPLIST_FILE = Hyde/Info.plist;
				LD_RUNPATH_SEARCH_PATHS = "$(inherited) @executable_path/../Frameworks";
				PRODUCT_BUNDLE_IDENTIFIER = com.friday.Hyde;
				PRODUCT_NAME = "$(TARGET_NAME)";
			};
			name = Release;
		};
/* End XCBuildConfiguration section */

/* Begin XCConfigurationList section */
		3AF419622173235F008E9C2A /* Build configuration list for PBXProject "Hyde" */ = {
			isa = XCConfigurationList;
			buildConfigurations = (
				3AF4197C2173235F008E9C2A /* Debug */,
				3AF4197D2173235F008E9C2A /* Release */,
			);
			defaultConfigurationIsVisible = 0;
			defaultConfigurationName = Release;
		};
		3AF4197E2173235F008E9C2A /* Build configuration list for PBXNativeTarget "Hyde" */ = {
			isa = XCConfigurationList;
			buildConfigurations = (
				3AF4197F2173235F008E9C2A /* Debug */,
				3AF419802173235F008E9C2A /* Release */,
			);
			defaultConfigurationIsVisible = 0;
			defaultConfigurationName = Release;
		};
/* End XCConfigurationList section */
	};
	rootObject = 3AF4195F2173235F008E9C2A /* Project object */;
}
